# THIS IS AN AUTOGENERATED FILE. DO NOT EDIT THIS FILE DIRECTLY.
# yarn lockfile v1


asap@~1.0.0:
  version "1.0.0"
  resolved "https://registry.yarnpkg.com/asap/-/asap-1.0.0.tgz#b2a45da5fdfa20b0496fc3768cc27c12fa916a7d"

mp3-duration@^1.0.10:
  version "1.0.10"
  resolved "https://registry.yarnpkg.com/mp3-duration/-/mp3-duration-1.0.10.tgz#ccdd0c1c2db940952d1d58a9222585b169b4e027"
  dependencies:
    promisify "0.0.3"
    suspend "^0.7.0"

promise@^6.0.0:
  version "6.1.0"
  resolved "https://registry.yarnpkg.com/promise/-/promise-6.1.0.tgz#2ce729f6b94b45c26891ad0602c5c90e04c6eef6"
  dependencies:
    asap "~1.0.0"

promisify@0.0.3:
  version "0.0.3"
  resolved "https://registry.yarnpkg.com/promisify/-/promisify-0.0.3.tgz#754db61f29ee6476ab543c45b464d21f5ef55686"
  dependencies:
    when ""

suspend@^0.7.0:
  version "0.7.0"
  resolved "https://registry.yarnpkg.com/suspend/-/suspend-0.7.0.tgz#e54cdb4724f0dee56c4ba3f382d4d4994e555fa2"
  dependencies:
    promise "^6.0.0"

when@:
  version "3.7.7"
  resolved "https://registry.yarnpkg.com/when/-/when-3.7.7.tgz#aba03fc3bb736d6c88b091d013d8a8e590d84718"
